
Microsoft Visual Studio Solution File, Format Version 12.00
# Visual Studio 14
VisualStudioVersion = 14.0.25420.1
MinimumVisualStudioVersion = 10.0.40219.1
Project("{FAE04EC0-301F-11D3-BF4B-00C04F79EFBC}") = "angular-tour-of-heroes", "angular-tour-of-heroes\angular-tour-of-heroes.csproj", "{ACE0310F-5461-4BE0-B820-8F104DA3A03F}"
EndProject
Global
	GlobalSection(SolutionConfigurationPlatforms) = preSolution
		Debug|Any CPU = Debug|Any CPU
		Release|Any CPU = Release|Any CPU
	EndGlobalSection
	GlobalSection(ProjectConfigurationPlatforms) = postSolution
		{ACE0310F-5461-4BE0-B820-8F104DA3A03F}.Debug|Any CPU.ActiveCfg = Debug|Any CPU
		{ACE0310F-5461-4BE0-B820-8F104DA3A03F}.Debug|Any CPU.Build.0 = Debug|Any CPU
		{ACE0310F-5461-4BE0-B820-8F104DA3A03F}.Release|Any CPU.ActiveCfg = Release|Any CPU
		{ACE0310F-5461-4BE0-B820-8F104DA3A03F}.Release|Any CPU.Build.0 = Release|Any CPU
	EndGlobalSection
	GlobalSection(SolutionProperties) = preSolution
		HideSolutionNode = FALSE
	EndGlobalSection
EndGlobal
